
Microsoft Visual Studio Solution File, Format Version 12.00
# Visual Studio Version 17
VisualStudioVersion = 17.9.34728.123
MinimumVisualStudioVersion = 10.0.40219.1
Project("{FAE04EC0-301F-11D3-BF4B-00C04F79EFBC}") = "Labb2-Threading-async", "Labb2-Threading-async.csproj", "{54B71645-7D79-4DD3-B386-CAAB685F1EBA}"
EndProject
Global
	GlobalSection(SolutionConfigurationPlatforms) = preSolution
		Debug|Any CPU = Debug|Any CPU
		Release|Any CPU = Release|Any CPU
	EndGlobalSection
	GlobalSection(ProjectConfigurationPlatforms) = postSolution
		{54B71645-7D79-4DD3-B386-CAAB685F1EBA}.Debug|Any CPU.ActiveCfg = Debug|Any CPU
		{54B71645-7D79-4DD3-B386-CAAB685F1EBA}.Debug|Any CPU.Build.0 = Debug|Any CPU
		{54B71645-7D79-4DD3-B386-CAAB685F1EBA}.Release|Any CPU.ActiveCfg = Release|Any CPU
		{54B71645-7D79-4DD3-B386-CAAB685F1EBA}.Release|Any CPU.Build.0 = Release|Any CPU
	EndGlobalSection
	GlobalSection(SolutionProperties) = preSolution
		HideSolutionNode = FALSE
	EndGlobalSection
	GlobalSection(ExtensibilityGlobals) = postSolution
		SolutionGuid = {E38D96D9-AAD5-406F-8D63-CF24BE4AA8C8}
	EndGlobalSection
EndGlobal
